// !$*UTF8*$!
{
	archiveVersion = 1;
	classes = {
	};
	objectVersion = 56;
	objects = {

/* Begin PBXBuildFile section */
		DCA821F52D0B4D50004638CB /* SearchView.swift in Sources */ = {isa = PBXBuildFile; fileRef = DCA821F42D0B4D50004638CB /* SearchView.swift */; };
		DCA821FB2D0B72B1004638CB /* IGTextFieldModifier.swift in Sources */ = {isa = PBXBuildFile; fileRef = DCA821FA2D0B72B1004638CB /* IGTextFieldModifier.swift */; };
		DCA822032D0BF12E004638CB /* User.swift in Sources */ = {isa = PBXBuildFile; fileRef = DCA822022D0BF12E004638CB /* User.swift */; };
		DCA822052D0BFC18004638CB /* CurrentUserProfileView.swift in Sources */ = {isa = PBXBuildFile; fileRef = DCA822042D0BFC18004638CB /* CurrentUserProfileView.swift */; };
		DCA822072D0C00B1004638CB /* Post.swift in Sources */ = {isa = PBXBuildFile; fileRef = DCA822062D0C00B1004638CB /* Post.swift */; };
		DCA822092D0C0CDD004638CB /* PostGridView.swift in Sources */ = {isa = PBXBuildFile; fileRef = DCA822082D0C0CDD004638CB /* PostGridView.swift */; };
		DCA8220B2D0C0F52004638CB /* ProfileHeaderView.swift in Sources */ = {isa = PBXBuildFile; fileRef = DCA8220A2D0C0F52004638CB /* ProfileHeaderView.swift */; };
		DCA822112D0CAF41004638CB /* GoogleService-Info.plist in Resources */ = {isa = PBXBuildFile; fileRef = DCA822102D0CAF41004638CB /* GoogleService-Info.plist */; };
		DCA822142D0CB311004638CB /* FirebaseAuth in Frameworks */ = {isa = PBXBuildFile; productRef = DCA822132D0CB311004638CB /* FirebaseAuth */; };
		DCA822162D0CB311004638CB /* FirebaseFirestore in Frameworks */ = {isa = PBXBuildFile; productRef = DCA822152D0CB311004638CB /* FirebaseFirestore */; };
		DCA822182D0CB311004638CB /* FirebaseFirestoreSwift in Frameworks */ = {isa = PBXBuildFile; productRef = DCA822172D0CB311004638CB /* FirebaseFirestoreSwift */; };
		DCA8221A2D0CB311004638CB /* FirebaseStorage in Frameworks */ = {isa = PBXBuildFile; productRef = DCA822192D0CB311004638CB /* FirebaseStorage */; };
		DCA822612D133D37004638CB /* UserService.swift in Sources */ = {isa = PBXBuildFile; fileRef = DCA822602D133D37004638CB /* UserService.swift */; };
		DCA822652D133EEE004638CB /* SearchViewModel.swift in Sources */ = {isa = PBXBuildFile; fileRef = DCA822642D133EEE004638CB /* SearchViewModel.swift */; };
		DCA822672D14BA03004638CB /* EditProfileView.swift in Sources */ = {isa = PBXBuildFile; fileRef = DCA822662D14BA03004638CB /* EditProfileView.swift */; };
		DCA8226E2D14C664004638CB /* EditProfileViewModel.swift in Sources */ = {isa = PBXBuildFile; fileRef = DCA8226D2D14C664004638CB /* EditProfileViewModel.swift */; };
		DCA822702D17F0AF004638CB /* ImageUploader.swift in Sources */ = {isa = PBXBuildFile; fileRef = DCA8226F2D17F0AF004638CB /* ImageUploader.swift */; };
		DCA822732D1C82AF004638CB /* CircularProfileImageView.swift in Sources */ = {isa = PBXBuildFile; fileRef = DCA822722D1C82AF004638CB /* CircularProfileImageView.swift */; };
		DCA822752D1C8418004638CB /* Kingfisher in Frameworks */ = {isa = PBXBuildFile; productRef = DCA822742D1C8418004638CB /* Kingfisher */; };
		DCA8227B2D1D9C00004638CB /* FeedViewModel.swift in Sources */ = {isa = PBXBuildFile; fileRef = DCA8227A2D1D9C00004638CB /* FeedViewModel.swift */; };
		DCA8227D2D1DB776004638CB /* PostService.swift in Sources */ = {isa = PBXBuildFile; fileRef = DCA8227C2D1DB776004638CB /* PostService.swift */; };
		DCA822812D1DC027004638CB /* PostGridViewModel.swift in Sources */ = {isa = PBXBuildFile; fileRef = DCA822802D1DC027004638CB /* PostGridViewModel.swift */; };
		DCC997C62CECB56700F6BA1C /* InstagramApp.swift in Sources */ = {isa = PBXBuildFile; fileRef = DCC997C52CECB56700F6BA1C /* InstagramApp.swift */; };
		DCC997CA2CECB56800F6BA1C /* Assets.xcassets in Resources */ = {isa = PBXBuildFile; fileRef = DCC997C92CECB56800F6BA1C /* Assets.xcassets */; };
		DCC997CD2CECB56800F6BA1C /* Preview Assets.xcassets in Resources */ = {isa = PBXBuildFile; fileRef = DCC997CC2CECB56800F6BA1C /* Preview Assets.xcassets */; };
		DCC997D72CECB56800F6BA1C /* InstagramTests.swift in Sources */ = {isa = PBXBuildFile; fileRef = DCC997D62CECB56800F6BA1C /* InstagramTests.swift */; };
		DCC997E12CECB56800F6BA1C /* InstagramUITests.swift in Sources */ = {isa = PBXBuildFile; fileRef = DCC997E02CECB56800F6BA1C /* InstagramUITests.swift */; };
		DCC997E32CECB56800F6BA1C /* InstagramUITestsLaunchTests.swift in Sources */ = {isa = PBXBuildFile; fileRef = DCC997E22CECB56800F6BA1C /* InstagramUITestsLaunchTests.swift */; };
		DCC998012CECBBCD00F6BA1C /* MainTabView.swift in Sources */ = {isa = PBXBuildFile; fileRef = DCC998002CECBBCD00F6BA1C /* MainTabView.swift */; };
		DCC998032CECBF9300F6BA1C /* ProfileView.swift in Sources */ = {isa = PBXBuildFile; fileRef = DCC998022CECBF9300F6BA1C /* ProfileView.swift */; };
		DCC998062CECFCDC00F6BA1C /* UserStatView.swift in Sources */ = {isa = PBXBuildFile; fileRef = DCC998052CECFCDC00F6BA1C /* UserStatView.swift */; };
		DCC998082CED07FB00F6BA1C /* Feedview.swift in Sources */ = {isa = PBXBuildFile; fileRef = DCC998072CED07FB00F6BA1C /* Feedview.swift */; };
		DCC9980B2CED0BA300F6BA1C /* FeedCell.swift in Sources */ = {isa = PBXBuildFile; fileRef = DCC9980A2CED0BA300F6BA1C /* FeedCell.swift */; };
/* End PBXBuildFile section */

/* Begin PBXContainerItemProxy section */
		DCC997D32CECB56800F6BA1C /* PBXContainerItemProxy */ = {
			isa = PBXContainerItemProxy;
			containerPortal = DCC997BA2CECB56700F6BA1C /* Project object */;
			proxyType = 1;
			remoteGlobalIDString = DCC997C12CECB56700F6BA1C;
			remoteInfo = Instagram;
		};
		DCC997DD2CECB56800F6BA1C /* PBXContainerItemProxy */ = {
			isa = PBXContainerItemProxy;
			containerPortal = DCC997BA2CECB56700F6BA1C /* Project object */;
			proxyType = 1;
			remoteGlobalIDString = DCC997C12CECB56700F6BA1C;
			remoteInfo = Instagram;
		};
/* End PBXContainerItemProxy section */

/* Begin PBXFileReference section */
		DCA821F42D0B4D50004638CB /* SearchView.swift */ = {isa = PBXFileReference; lastKnownFileType = sourcecode.swift; path = SearchView.swift; sourceTree = "<group>"; };
		DCA821FA2D0B72B1004638CB /* IGTextFieldModifier.swift */ = {isa = PBXFileReference; lastKnownFileType = sourcecode.swift; path = IGTextFieldModifier.swift; sourceTree = "<group>"; };
		DCA822022D0BF12E004638CB /* User.swift */ = {isa = PBXFileReference; lastKnownFileType = sourcecode.swift; path = User.swift; sourceTree = "<group>"; };
		DCA822042D0BFC18004638CB /* CurrentUserProfileView.swift */ = {isa = PBXFileReference; lastKnownFileType = sourcecode.swift; path = CurrentUserProfileView.swift; sourceTree = "<group>"; };
		DCA822062D0C00B1004638CB /* Post.swift */ = {isa = PBXFileReference; lastKnownFileType = sourcecode.swift; path = Post.swift; sourceTree = "<group>"; };
		DCA822082D0C0CDD004638CB /* PostGridView.swift */ = {isa = PBXFileReference; lastKnownFileType = sourcecode.swift; path = PostGridView.swift; sourceTree = "<group>"; };
		DCA8220A2D0C0F52004638CB /* ProfileHeaderView.swift */ = {isa = PBXFileReference; lastKnownFileType = sourcecode.swift; path = ProfileHeaderView.swift; sourceTree = "<group>"; };
		DCA822102D0CAF41004638CB /* GoogleService-Info.plist */ = {isa = PBXFileReference; fileEncoding = 4; lastKnownFileType = text.plist.xml; path = "GoogleService-Info.plist"; sourceTree = "<group>"; };
		DCA822602D133D37004638CB /* UserService.swift */ = {isa = PBXFileReference; lastKnownFileType = sourcecode.swift; path = UserService.swift; sourceTree = "<group>"; };
		DCA822642D133EEE004638CB /* SearchViewModel.swift */ = {isa = PBXFileReference; lastKnownFileType = sourcecode.swift; path = SearchViewModel.swift; sourceTree = "<group>"; };
		DCA822662D14BA03004638CB /* EditProfileView.swift */ = {isa = PBXFileReference; lastKnownFileType = sourcecode.swift; path = EditProfileView.swift; sourceTree = "<group>"; };
		DCA8226D2D14C664004638CB /* EditProfileViewModel.swift */ = {isa = PBXFileReference; lastKnownFileType = sourcecode.swift; path = EditProfileViewModel.swift; sourceTree = "<group>"; };
		DCA8226F2D17F0AF004638CB /* ImageUploader.swift */ = {isa = PBXFileReference; lastKnownFileType = sourcecode.swift; path = ImageUploader.swift; sourceTree = "<group>"; };
		DCA822722D1C82AF004638CB /* CircularProfileImageView.swift */ = {isa = PBXFileReference; lastKnownFileType = sourcecode.swift; path = CircularProfileImageView.swift; sourceTree = "<group>"; };
		DCA8227A2D1D9C00004638CB /* FeedViewModel.swift */ = {isa = PBXFileReference; lastKnownFileType = sourcecode.swift; path = FeedViewModel.swift; sourceTree = "<group>"; };
		DCA8227C2D1DB776004638CB /* PostService.swift */ = {isa = PBXFileReference; lastKnownFileType = sourcecode.swift; path = PostService.swift; sourceTree = "<group>"; };
		DCA822802D1DC027004638CB /* PostGridViewModel.swift */ = {isa = PBXFileReference; lastKnownFileType = sourcecode.swift; path = PostGridViewModel.swift; sourceTree = "<group>"; };
		DCC997C22CECB56700F6BA1C /* Instagram.app */ = {isa = PBXFileReference; explicitFileType = wrapper.application; includeInIndex = 0; path = Instagram.app; sourceTree = BUILT_PRODUCTS_DIR; };
		DCC997C52CECB56700F6BA1C /* InstagramApp.swift */ = {isa = PBXFileReference; lastKnownFileType = sourcecode.swift; path = InstagramApp.swift; sourceTree = "<group>"; };
		DCC997C92CECB56800F6BA1C /* Assets.xcassets */ = {isa = PBXFileReference; lastKnownFileType = folder.assetcatalog; path = Assets.xcassets; sourceTree = "<group>"; };
		DCC997CC2CECB56800F6BA1C /* Preview Assets.xcassets */ = {isa = PBXFileReference; lastKnownFileType = folder.assetcatalog; path = "Preview Assets.xcassets"; sourceTree = "<group>"; };
		DCC997D22CECB56800F6BA1C /* InstagramTests.xctest */ = {isa = PBXFileReference; explicitFileType = wrapper.cfbundle; includeInIndex = 0; path = InstagramTests.xctest; sourceTree = BUILT_PRODUCTS_DIR; };
		DCC997D62CECB56800F6BA1C /* InstagramTests.swift */ = {isa = PBXFileReference; lastKnownFileType = sourcecode.swift; path = InstagramTests.swift; sourceTree = "<group>"; };
		DCC997DC2CECB56800F6BA1C /* InstagramUITests.xctest */ = {isa = PBXFileReference; explicitFileType = wrapper.cfbundle; includeInIndex = 0; path = InstagramUITests.xctest; sourceTree = BUILT_PRODUCTS_DIR; };
		DCC997E02CECB56800F6BA1C /* InstagramUITests.swift */ = {isa = PBXFileReference; lastKnownFileType = sourcecode.swift; path = InstagramUITests.swift; sourceTree = "<group>"; };
		DCC997E22CECB56800F6BA1C /* InstagramUITestsLaunchTests.swift */ = {isa = PBXFileReference; lastKnownFileType = sourcecode.swift; path = InstagramUITestsLaunchTests.swift; sourceTree = "<group>"; };
		DCC998002CECBBCD00F6BA1C /* MainTabView.swift */ = {isa = PBXFileReference; lastKnownFileType = sourcecode.swift; path = MainTabView.swift; sourceTree = "<group>"; };
		DCC998022CECBF9300F6BA1C /* ProfileView.swift */ = {isa = PBXFileReference; lastKnownFileType = sourcecode.swift; path = ProfileView.swift; sourceTree = "<group>"; };
		DCC998052CECFCDC00F6BA1C /* UserStatView.swift */ = {isa = PBXFileReference; lastKnownFileType = sourcecode.swift; path = UserStatView.swift; sourceTree = "<group>"; };
		DCC998072CED07FB00F6BA1C /* Feedview.swift */ = {isa = PBXFileReference; lastKnownFileType = sourcecode.swift; path = Feedview.swift; sourceTree = "<group>"; };
		DCC9980A2CED0BA300F6BA1C /* FeedCell.swift */ = {isa = PBXFileReference; lastKnownFileType = sourcecode.swift; path = FeedCell.swift; sourceTree = "<group>"; };
/* End PBXFileReference section */

/* Begin PBXFrameworksBuildPhase section */
		DCC997BF2CECB56700F6BA1C /* Frameworks */ = {
			isa = PBXFrameworksBuildPhase;
			buildActionMask = 2147483647;
			files = (
				DCA822142D0CB311004638CB /* FirebaseAuth in Frameworks */,
				DCA8221A2D0CB311004638CB /* FirebaseStorage in Frameworks */,
				DCA822162D0CB311004638CB /* FirebaseFirestore in Frameworks */,
				DCA822182D0CB311004638CB /* FirebaseFirestoreSwift in Frameworks */,
				DCA822752D1C8418004638CB /* Kingfisher in Frameworks */,
			);
			runOnlyForDeploymentPostprocessing = 0;
		};
		DCC997CF2CECB56800F6BA1C /* Frameworks */ = {
			isa = PBXFrameworksBuildPhase;
			buildActionMask = 2147483647;
			files = (
			);
			runOnlyForDeploymentPostprocessing = 0;
		};
		DCC997D92CECB56800F6BA1C /* Frameworks */ = {
			isa = PBXFrameworksBuildPhase;
			buildActionMask = 2147483647;
			files = (
			);
			runOnlyForDeploymentPostprocessing = 0;
		};
/* End PBXFrameworksBuildPhase section */

/* Begin PBXGroup section */
		DCA822622D133EA2004638CB /* ViewModel */ = {
			isa = PBXGroup;
			children = (
				DCA822642D133EEE004638CB /* SearchViewModel.swift */,
			);
			path = ViewModel;
			sourceTree = "<group>";
		};
		DCA822632D133EBF004638CB /* View */ = {
			isa = PBXGroup;
			children = (
				DCA821F42D0B4D50004638CB /* SearchView.swift */,
			);
			path = View;
			sourceTree = "<group>";
		};
		DCA822692D14C58D004638CB /* ViewModel */ = {
			isa = PBXGroup;
			children = (
				DCA8226D2D14C664004638CB /* EditProfileViewModel.swift */,
			);
			path = ViewModel;
			sourceTree = "<group>";
		};
		DCA8226A2D14C59B004638CB /* View */ = {
			isa = PBXGroup;
			children = (
				DCA8220A2D0C0F52004638CB /* ProfileHeaderView.swift */,
				DCA822042D0BFC18004638CB /* CurrentUserProfileView.swift */,
				DCA822662D14BA03004638CB /* EditProfileView.swift */,
				DCC998022CECBF9300F6BA1C /* ProfileView.swift */,
			);
			path = View;
			sourceTree = "<group>";
		};
		DCA822782D1D9BB6004638CB /* ViewModel */ = {
			isa = PBXGroup;
			children = (
				DCA8227A2D1D9C00004638CB /* FeedViewModel.swift */,
			);
			path = ViewModel;
			sourceTree = "<group>";
		};
		DCA822792D1D9BC5004638CB /* View */ = {
			isa = PBXGroup;
			children = (
				DCC998072CED07FB00F6BA1C /* Feedview.swift */,
				DCC9980A2CED0BA300F6BA1C /* FeedCell.swift */,
			);
			path = View;
			sourceTree = "<group>";
		};
		DCA8227E2D1DBED1004638CB /* ViewModel */ = {
			isa = PBXGroup;
			children = (
				DCA822802D1DC027004638CB /* PostGridViewModel.swift */,
			);
			path = ViewModel;
			sourceTree = "<group>";
		};
		DCA8227F2D1DBEE4004638CB /* View */ = {
			isa = PBXGroup;
			children = (
				DCC998052CECFCDC00F6BA1C /* UserStatView.swift */,
				DCA821FA2D0B72B1004638CB /* IGTextFieldModifier.swift */,
				DCA822082D0C0CDD004638CB /* PostGridView.swift */,
				DCA822722D1C82AF004638CB /* CircularProfileImageView.swift */,
			);
			path = View;
			sourceTree = "<group>";
		};
		DCC997B92CECB56700F6BA1C = {
			isa = PBXGroup;
			children = (
				DCC997C42CECB56700F6BA1C /* Instagram */,
				DCC997D52CECB56800F6BA1C /* InstagramTests */,
				DCC997DF2CECB56800F6BA1C /* InstagramUITests */,
				DCC997C32CECB56700F6BA1C /* Products */,
			);
			sourceTree = "<group>";
		};
		DCC997C32CECB56700F6BA1C /* Products */ = {
			isa = PBXGroup;
			children = (
				DCC997C22CECB56700F6BA1C /* Instagram.app */,
				DCC997D22CECB56800F6BA1C /* InstagramTests.xctest */,
				DCC997DC2CECB56800F6BA1C /* InstagramUITests.xctest */,
			);
			name = Products;
			sourceTree = "<group>";
		};
		DCC997C42CECB56700F6BA1C /* Instagram */ = {
			isa = PBXGroup;
			children = (
				DCC997F42CECB69E00F6BA1C /* App */,
				DCC997F32CECB67600F6BA1C /* Core */,
				DCC997F12CECB66F00F6BA1C /* Extentions */,
				DCC997F02CECB66A00F6BA1C /* Model */,
				DCC997EF2CECB66600F6BA1C /* Services */,
				DCA822102D0CAF41004638CB /* GoogleService-Info.plist */,
				DCC997C92CECB56800F6BA1C /* Assets.xcassets */,
				DCC997CB2CECB56800F6BA1C /* Preview Content */,
			);
			path = Instagram;
			sourceTree = "<group>";
		};
		DCC997CB2CECB56800F6BA1C /* Preview Content */ = {
			isa = PBXGroup;
			children = (
				DCC997CC2CECB56800F6BA1C /* Preview Assets.xcassets */,
			);
			path = "Preview Content";
			sourceTree = "<group>";
		};
		DCC997D52CECB56800F6BA1C /* InstagramTests */ = {
			isa = PBXGroup;
			children = (
				DCC997D62CECB56800F6BA1C /* InstagramTests.swift */,
			);
			path = InstagramTests;
			sourceTree = "<group>";
		};
		DCC997DF2CECB56800F6BA1C /* InstagramUITests */ = {
			isa = PBXGroup;
			children = (
				DCC997E02CECB56800F6BA1C /* InstagramUITests.swift */,
				DCC997E22CECB56800F6BA1C /* InstagramUITestsLaunchTests.swift */,
			);
			path = InstagramUITests;
			sourceTree = "<group>";
		};
		DCC997EF2CECB66600F6BA1C /* Services */ = {
			isa = PBXGroup;
			children = (
				DCA822602D133D37004638CB /* UserService.swift */,
				DCA8226F2D17F0AF004638CB /* ImageUploader.swift */,
				DCA8227C2D1DB776004638CB /* PostService.swift */,
			);
			path = Services;
			sourceTree = "<group>";
		};
		DCC997F02CECB66A00F6BA1C /* Model */ = {
			isa = PBXGroup;
			children = (
				DCA822022D0BF12E004638CB /* User.swift */,
				DCA822062D0C00B1004638CB /* Post.swift */,
			);
			path = Model;
			sourceTree = "<group>";
		};
		DCC997F12CECB66F00F6BA1C /* Extentions */ = {
			isa = PBXGroup;
			children = (
			);
			path = Extentions;
			sourceTree = "<group>";
		};
		DCC997F32CECB67600F6BA1C /* Core */ = {
			isa = PBXGroup;
			children = (
				DCC998042CECFC9700F6BA1C /* Component */,
				DCC997F62CECB7F600F6BA1C /* Feed */,
				DCC997F72CECB80700F6BA1C /* Profile */,
				DCC997F92CECB82700F6BA1C /* Search */,
				DCC997FA2CECB8AE00F6BA1C /* TabBar */,
			);
			path = Core;
			sourceTree = "<group>";
		};
		DCC997F42CECB69E00F6BA1C /* App */ = {
			isa = PBXGroup;
			children = (
				DCC997C52CECB56700F6BA1C /* InstagramApp.swift */,
			);
			path = App;
			sourceTree = "<group>";
		};
		DCC997F62CECB7F600F6BA1C /* Feed */ = {
			isa = PBXGroup;
			children = (
				DCA822792D1D9BC5004638CB /* View */,
				DCA822782D1D9BB6004638CB /* ViewModel */,
			);
			path = Feed;
			sourceTree = "<group>";
		};
		DCC997F72CECB80700F6BA1C /* Profile */ = {
			isa = PBXGroup;
			children = (
				DCA8226A2D14C59B004638CB /* View */,
				DCA822692D14C58D004638CB /* ViewModel */,
			);
			path = Profile;
			sourceTree = "<group>";
		};
		DCC997F92CECB82700F6BA1C /* Search */ = {
			isa = PBXGroup;
			children = (
				DCA822632D133EBF004638CB /* View */,
				DCA822622D133EA2004638CB /* ViewModel */,
			);
			path = Search;
			sourceTree = "<group>";
		};
		DCC997FA2CECB8AE00F6BA1C /* TabBar */ = {
			isa = PBXGroup;
			children = (
				DCC998002CECBBCD00F6BA1C /* MainTabView.swift */,
			);
			path = TabBar;
			sourceTree = "<group>";
		};
		DCC998042CECFC9700F6BA1C /* Component */ = {
			isa = PBXGroup;
			children = (
				DCA8227F2D1DBEE4004638CB /* View */,
				DCA8227E2D1DBED1004638CB /* ViewModel */,
			);
			path = Component;
			sourceTree = "<group>";
		};
/* End PBXGroup section */

/* Begin PBXNativeTarget section */
		DCC997C12CECB56700F6BA1C /* Instagram */ = {
			isa = PBXNativeTarget;
			buildConfigurationList = DCC997E62CECB56800F6BA1C /* Build configuration list for PBXNativeTarget "Instagram" */;
			buildPhases = (
				DCC997BE2CECB56700F6BA1C /* Sources */,
				DCC997BF2CECB56700F6BA1C /* Frameworks */,
				DCC997C02CECB56700F6BA1C /* Resources */,
			);
			buildRules = (
			);
			dependencies = (
			);
			name = Instagram;
			packageProductDependencies = (
				DCA822132D0CB311004638CB /* FirebaseAuth */,
				DCA822152D0CB311004638CB /* FirebaseFirestore */,
				DCA822172D0CB311004638CB /* FirebaseFirestoreSwift */,
				DCA822192D0CB311004638CB /* FirebaseStorage */,
				DCA822742D1C8418004638CB /* Kingfisher */,
			);
			productName = Instagram;
			productReference = DCC997C22CECB56700F6BA1C /* Instagram.app */;
			productType = "com.apple.product-type.application";
		};
		DCC997D12CECB56800F6BA1C /* InstagramTests */ = {
			isa = PBXNativeTarget;
			buildConfigurationList = DCC997E92CECB56800F6BA1C /* Build configuration list for PBXNativeTarget "InstagramTests" */;
			buildPhases = (
				DCC997CE2CECB56800F6BA1C /* Sources */,
				DCC997CF2CECB56800F6BA1C /* Frameworks */,
				DCC997D02CECB56800F6BA1C /* Resources */,
			);
			buildRules = (
			);
			dependencies = (
				DCC997D42CECB56800F6BA1C /* PBXTargetDependency */,
			);
			name = InstagramTests;
			productName = InstagramTests;
			productReference = DCC997D22CECB56800F6BA1C /* InstagramTests.xctest */;
			productType = "com.apple.product-type.bundle.unit-test";
		};
		DCC997DB2CECB56800F6BA1C /* InstagramUITests */ = {
			isa = PBXNativeTarget;
			buildConfigurationList = DCC997EC2CECB56800F6BA1C /* Build configuration list for PBXNativeTarget "InstagramUITests" */;
			buildPhases = (
				DCC997D82CECB56800F6BA1C /* Sources */,
				DCC997D92CECB56800F6BA1C /* Frameworks */,
				DCC997DA2CECB56800F6BA1C /* Resources */,
			);
			buildRules = (
			);
			dependencies = (
				DCC997DE2CECB56800F6BA1C /* PBXTargetDependency */,
			);
			name = InstagramUITests;
			productName = InstagramUITests;
			productReference = DCC997DC2CECB56800F6BA1C /* InstagramUITests.xctest */;
			productType = "com.apple.product-type.bundle.ui-testing";
		};
/* End PBXNativeTarget section */

/* Begin PBXProject section */
		DCC997BA2CECB56700F6BA1C /* Project object */ = {
			isa = PBXProject;
			attributes = {
				BuildIndependentTargetsInParallel = 1;
				LastSwiftUpdateCheck = 1540;
				LastUpgradeCheck = 1540;
				TargetAttributes = {
					DCC997C12CECB56700F6BA1C = {
						CreatedOnToolsVersion = 15.4;
					};
					DCC997D12CECB56800F6BA1C = {
						CreatedOnToolsVersion = 15.4;
						TestTargetID = DCC997C12CECB56700F6BA1C;
					};
					DCC997DB2CECB56800F6BA1C = {
						CreatedOnToolsVersion = 15.4;
						TestTargetID = DCC997C12CECB56700F6BA1C;
					};
				};
			};
			buildConfigurationList = DCC997BD2CECB56700F6BA1C /* Build configuration list for PBXProject "Instagram" */;
			compatibilityVersion = "Xcode 14.0";
			developmentRegion = en;
			hasScannedForEncodings = 0;
			knownRegions = (
				en,
				Base,
			);
			mainGroup = DCC997B92CECB56700F6BA1C;
			packageReferences = (
				DCA822122D0CB311004638CB /* XCRemoteSwiftPackageReference "firebase-ios-sdk" */,
				DCA822712D1C81F3004638CB /* XCRemoteSwiftPackageReference "Kingfisher" */,
			);
			productRefGroup = DCC997C32CECB56700F6BA1C /* Products */;
			projectDirPath = "";
			projectRoot = "";
			targets = (
				DCC997C12CECB56700F6BA1C /* Instagram */,
				DCC997D12CECB56800F6BA1C /* InstagramTests */,
				DCC997DB2CECB56800F6BA1C /* InstagramUITests */,
			);
		};
/* End PBXProject section */

/* Begin PBXResourcesBuildPhase section */
		DCC997C02CECB56700F6BA1C /* Resources */ = {
			isa = PBXResourcesBuildPhase;
			buildActionMask = 2147483647;
			files = (
				DCC997CD2CECB56800F6BA1C /* Preview Assets.xcassets in Resources */,
				DCC997CA2CECB56800F6BA1C /* Assets.xcassets in Resources */,
				DCA822112D0CAF41004638CB /* GoogleService-Info.plist in Resources */,
			);
			runOnlyForDeploymentPostprocessing = 0;
		};
		DCC997D02CECB56800F6BA1C /* Resources */ = {
			isa = PBXResourcesBuildPhase;
			buildActionMask = 2147483647;
			files = (
			);
			runOnlyForDeploymentPostprocessing = 0;
		};
		DCC997DA2CECB56800F6BA1C /* Resources */ = {
			isa = PBXResourcesBuildPhase;
			buildActionMask = 2147483647;
			files = (
			);
			runOnlyForDeploymentPostprocessing = 0;
		};
/* End PBXResourcesBuildPhase section */

/* Begin PBXSourcesBuildPhase section */
		DCC997BE2CECB56700F6BA1C /* Sources */ = {
			isa = PBXSourcesBuildPhase;
			buildActionMask = 2147483647;
			files = (
				DCC9980B2CED0BA300F6BA1C /* FeedCell.swift in Sources */,
				DCC998082CED07FB00F6BA1C /* Feedview.swift in Sources */,
				DCC998032CECBF9300F6BA1C /* ProfileView.swift in Sources */,
				DCA8226E2D14C664004638CB /* EditProfileViewModel.swift in Sources */,
				DCA822612D133D37004638CB /* UserService.swift in Sources */,
				DCA822072D0C00B1004638CB /* Post.swift in Sources */,
				DCA822052D0BFC18004638CB /* CurrentUserProfileView.swift in Sources */,
				DCA822092D0C0CDD004638CB /* PostGridView.swift in Sources */,
				DCA8227B2D1D9C00004638CB /* FeedViewModel.swift in Sources */,
				DCA8227D2D1DB776004638CB /* PostService.swift in Sources */,
				DCA822672D14BA03004638CB /* EditProfileView.swift in Sources */,
				DCA822812D1DC027004638CB /* PostGridViewModel.swift in Sources */,
				DCA822702D17F0AF004638CB /* ImageUploader.swift in Sources */,
				DCA8220B2D0C0F52004638CB /* ProfileHeaderView.swift in Sources */,
				DCA822032D0BF12E004638CB /* User.swift in Sources */,
				DCA821F52D0B4D50004638CB /* SearchView.swift in Sources */,
				DCA821FB2D0B72B1004638CB /* IGTextFieldModifier.swift in Sources */,
				DCC997C62CECB56700F6BA1C /* InstagramApp.swift in Sources */,
				DCC998062CECFCDC00F6BA1C /* UserStatView.swift in Sources */,
				DCA822732D1C82AF004638CB /* CircularProfileImageView.swift in Sources */,
				DCA822652D133EEE004638CB /* SearchViewModel.swift in Sources */,
				DCC998012CECBBCD00F6BA1C /* MainTabView.swift in Sources */,
			);
			runOnlyForDeploymentPostprocessing = 0;
		};
		DCC997CE2CECB56800F6BA1C /* Sources */ = {
			isa = PBXSourcesBuildPhase;
			buildActionMask = 2147483647;
			files = (
				DCC997D72CECB56800F6BA1C /* InstagramTests.swift in Sources */,
			);
			runOnlyForDeploymentPostprocessing = 0;
		};
		DCC997D82CECB56800F6BA1C /* Sources */ = {
			isa = PBXSourcesBuildPhase;
			buildActionMask = 2147483647;
			files = (
				DCC997E12CECB56800F6BA1C /* InstagramUITests.swift in Sources */,
				DCC997E32CECB56800F6BA1C /* InstagramUITestsLaunchTests.swift in Sources */,
			);
			runOnlyForDeploymentPostprocessing = 0;
		};
/* End PBXSourcesBuildPhase section */

/* Begin PBXTargetDependency section */
		DCC997D42CECB56800F6BA1C /* PBXTargetDependency */ = {
			isa = PBXTargetDependency;
			target = DCC997C12CECB56700F6BA1C /* Instagram */;
			targetProxy = DCC997D32CECB56800F6BA1C /* PBXContainerItemProxy */;
		};
		DCC997DE2CECB56800F6BA1C /* PBXTargetDependency */ = {
			isa = PBXTargetDependency;
			target = DCC997C12CECB56700F6BA1C /* Instagram */;
			targetProxy = DCC997DD2CECB56800F6BA1C /* PBXContainerItemProxy */;
		};
/* End PBXTargetDependency section */

/* Begin XCBuildConfiguration section */
		DCC997E42CECB56800F6BA1C /* Debug */ = {
			isa = XCBuildConfiguration;
			buildSettings = {
				ALWAYS_SEARCH_USER_PATHS = NO;
				ASSETCATALOG_COMPILER_GENERATE_SWIFT_ASSET_SYMBOL_EXTENSIONS = YES;
				CLANG_ANALYZER_NONNULL = YES;
				CLANG_ANALYZER_NUMBER_OBJECT_CONVERSION = YES_AGGRESSIVE;
				CLANG_CXX_LANGUAGE_STANDARD = "gnu++20";
				CLANG_ENABLE_MODULES = YES;
				CLANG_ENABLE_OBJC_ARC = YES;
				CLANG_ENABLE_OBJC_WEAK = YES;
				CLANG_WARN_BLOCK_CAPTURE_AUTORELEASING = YES;
				CLANG_WARN_BOOL_CONVERSION = YES;
				CLANG_WARN_COMMA = YES;
				CLANG_WARN_CONSTANT_CONVERSION = YES;
				CLANG_WARN_DEPRECATED_OBJC_IMPLEMENTATIONS = YES;
				CLANG_WARN_DIRECT_OBJC_ISA_USAGE = YES_ERROR;
				CLANG_WARN_DOCUMENTATION_COMMENTS = YES;
				CLANG_WARN_EMPTY_BODY = YES;
				CLANG_WARN_ENUM_CONVERSION = YES;
				CLANG_WARN_INFINITE_RECURSION = YES;
				CLANG_WARN_INT_CONVERSION = YES;
				CLANG_WARN_NON_LITERAL_NULL_CONVERSION = YES;
				CLANG_WARN_OBJC_IMPLICIT_RETAIN_SELF = YES;
				CLANG_WARN_OBJC_LITERAL_CONVERSION = YES;
				CLANG_WARN_OBJC_ROOT_CLASS = YES_ERROR;
				CLANG_WARN_QUOTED_INCLUDE_IN_FRAMEWORK_HEADER = YES;
				CLANG_WARN_RANGE_LOOP_ANALYSIS = YES;
				CLANG_WARN_STRICT_PROTOTYPES = YES;
				CLANG_WARN_SUSPICIOUS_MOVE = YES;
				CLANG_WARN_UNGUARDED_AVAILABILITY = YES_AGGRESSIVE;
				CLANG_WARN_UNREACHABLE_CODE = YES;
				CLANG_WARN__DUPLICATE_METHOD_MATCH = YES;
				COPY_PHASE_STRIP = NO;
				DEBUG_INFORMATION_FORMAT = dwarf;
				ENABLE_STRICT_OBJC_MSGSEND = YES;
				ENABLE_TESTABILITY = YES;
				ENABLE_USER_SCRIPT_SANDBOXING = YES;
				GCC_C_LANGUAGE_STANDARD = gnu17;
				GCC_DYNAMIC_NO_PIC = NO;
				GCC_NO_COMMON_BLOCKS = YES;
				GCC_OPTIMIZATION_LEVEL = 0;
				GCC_PREPROCESSOR_DEFINITIONS = (
					"DEBUG=1",
					"$(inherited)",
				);
				GCC_WARN_64_TO_32_BIT_CONVERSION = YES;
				GCC_WARN_ABOUT_RETURN_TYPE = YES_ERROR;
				GCC_WARN_UNDECLARED_SELECTOR = YES;
				GCC_WARN_UNINITIALIZED_AUTOS = YES_AGGRESSIVE;
				GCC_WARN_UNUSED_FUNCTION = YES;
				GCC_WARN_UNUSED_VARIABLE = YES;
				IPHONEOS_DEPLOYMENT_TARGET = 17.5;
				LOCALIZATION_PREFERS_STRING_CATALOGS = YES;
				MTL_ENABLE_DEBUG_INFO = INCLUDE_SOURCE;
				MTL_FAST_MATH = YES;
				ONLY_ACTIVE_ARCH = YES;
				SDKROOT = iphoneos;
				SWIFT_ACTIVE_COMPILATION_CONDITIONS = "DEBUG $(inherited)";
				SWIFT_OPTIMIZATION_LEVEL = "-Onone";
			};
			name = Debug;
		};
		DCC997E52CECB56800F6BA1C /* Release */ = {
			isa = XCBuildConfiguration;
			buildSettings = {
				ALWAYS_SEARCH_USER_PATHS = NO;
				ASSETCATALOG_COMPILER_GENERATE_SWIFT_ASSET_SYMBOL_EXTENSIONS = YES;
				CLANG_ANALYZER_NONNULL = YES;
				CLANG_ANALYZER_NUMBER_OBJECT_CONVERSION = YES_AGGRESSIVE;
				CLANG_CXX_LANGUAGE_STANDARD = "gnu++20";
				CLANG_ENABLE_MODULES = YES;
				CLANG_ENABLE_OBJC_ARC = YES;
				CLANG_ENABLE_OBJC_WEAK = YES;
				CLANG_WARN_BLOCK_CAPTURE_AUTORELEASING = YES;
				CLANG_WARN_BOOL_CONVERSION = YES;
				CLANG_WARN_COMMA = YES;
				CLANG_WARN_CONSTANT_CONVERSION = YES;
				CLANG_WARN_DEPRECATED_OBJC_IMPLEMENTATIONS = YES;
				CLANG_WARN_DIRECT_OBJC_ISA_USAGE = YES_ERROR;
				CLANG_WARN_DOCUMENTATION_COMMENTS = YES;
				CLANG_WARN_EMPTY_BODY = YES;
				CLANG_WARN_ENUM_CONVERSION = YES;
				CLANG_WARN_INFINITE_RECURSION = YES;
				CLANG_WARN_INT_CONVERSION = YES;
				CLANG_WARN_NON_LITERAL_NULL_CONVERSION = YES;
				CLANG_WARN_OBJC_IMPLICIT_RETAIN_SELF = YES;
				CLANG_WARN_OBJC_LITERAL_CONVERSION = YES;
				CLANG_WARN_OBJC_ROOT_CLASS = YES_ERROR;
				CLANG_WARN_QUOTED_INCLUDE_IN_FRAMEWORK_HEADER = YES;
				CLANG_WARN_RANGE_LOOP_ANALYSIS = YES;
				CLANG_WARN_STRICT_PROTOTYPES = YES;
				CLANG_WARN_SUSPICIOUS_MOVE = YES;
				CLANG_WARN_UNGUARDED_AVAILABILITY = YES_AGGRESSIVE;
				CLANG_WARN_UNREACHABLE_CODE = YES;
				CLANG_WARN__DUPLICATE_METHOD_MATCH = YES;
				COPY_PHASE_STRIP = NO;
				DEBUG_INFORMATION_FORMAT = "dwarf-with-dsym";
				ENABLE_NS_ASSERTIONS = NO;
				ENABLE_STRICT_OBJC_MSGSEND = YES;
				ENABLE_USER_SCRIPT_SANDBOXING = YES;
				GCC_C_LANGUAGE_STANDARD = gnu17;
				GCC_NO_COMMON_BLOCKS = YES;
				GCC_WARN_64_TO_32_BIT_CONVERSION = YES;
				GCC_WARN_ABOUT_RETURN_TYPE = YES_ERROR;
				GCC_WARN_UNDECLARED_SELECTOR = YES;
				GCC_WARN_UNINITIALIZED_AUTOS = YES_AGGRESSIVE;
				GCC_WARN_UNUSED_FUNCTION = YES;
				GCC_WARN_UNUSED_VARIABLE = YES;
				IPHONEOS_DEPLOYMENT_TARGET = 17.5;
				LOCALIZATION_PREFERS_STRING_CATALOGS = YES;
				MTL_ENABLE_DEBUG_INFO = NO;
				MTL_FAST_MATH = YES;
				SDKROOT = iphoneos;
				SWIFT_COMPILATION_MODE = wholemodule;
				VALIDATE_PRODUCT = YES;
			};
			name = Release;
		};
		DCC997E72CECB56800F6BA1C /* Debug */ = {
			isa = XCBuildConfiguration;
			buildSettings = {
				ASSETCATALOG_COMPILER_APPICON_NAME = AppIcon;
				ASSETCATALOG_COMPILER_GLOBAL_ACCENT_COLOR_NAME = AccentColor;
				CODE_SIGN_STYLE = Automatic;
				CURRENT_PROJECT_VERSION = 1;
				DEVELOPMENT_ASSET_PATHS = "\"Instagram/Preview Content\"";
				DEVELOPMENT_TEAM = GS29F6A6WZ;
				ENABLE_PREVIEWS = YES;
				GENERATE_INFOPLIST_FILE = YES;
				INFOPLIST_KEY_UIApplicationSceneManifest_Generation = YES;
				INFOPLIST_KEY_UIApplicationSupportsIndirectInputEvents = YES;
				INFOPLIST_KEY_UILaunchScreen_Generation = YES;
				INFOPLIST_KEY_UISupportedInterfaceOrientations_iPad = "UIInterfaceOrientationPortrait UIInterfaceOrientationPortraitUpsideDown UIInterfaceOrientationLandscapeLeft UIInterfaceOrientationLandscapeRight";
				INFOPLIST_KEY_UISupportedInterfaceOrientations_iPhone = "UIInterfaceOrientationPortrait UIInterfaceOrientationLandscapeLeft UIInterfaceOrientationLandscapeRight";
				LD_RUNPATH_SEARCH_PATHS = (
					"$(inherited)",
					"@executable_path/Frameworks",
				);
				MARKETING_VERSION = 1.0;
				PRODUCT_BUNDLE_IDENTIFIER = rifat.Instagram;
				PRODUCT_NAME = "$(TARGET_NAME)";
				SWIFT_EMIT_LOC_STRINGS = YES;
				SWIFT_VERSION = 5.0;
				TARGETED_DEVICE_FAMILY = "1,2";
			};
			name = Debug;
		};
		DCC997E82CECB56800F6BA1C /* Release */ = {
			isa = XCBuildConfiguration;
			buildSettings = {
				ASSETCATALOG_COMPILER_APPICON_NAME = AppIcon;
				ASSETCATALOG_COMPILER_GLOBAL_ACCENT_COLOR_NAME = AccentColor;
				CODE_SIGN_STYLE = Automatic;
				CURRENT_PROJECT_VERSION = 1;
				DEVELOPMENT_ASSET_PATHS = "\"Instagram/Preview Content\"";
				DEVELOPMENT_TEAM = GS29F6A6WZ;
				ENABLE_PREVIEWS = YES;
				GENERATE_INFOPLIST_FILE = YES;
				INFOPLIST_KEY_UIApplicationSceneManifest_Generation = YES;
				INFOPLIST_KEY_UIApplicationSupportsIndirectInputEvents = YES;
				INFOPLIST_KEY_UILaunchScreen_Generation = YES;
				INFOPLIST_KEY_UISupportedInterfaceOrientations_iPad = "UIInterfaceOrientationPortrait UIInterfaceOrientationPortraitUpsideDown UIInterfaceOrientationLandscapeLeft UIInterfaceOrientationLandscapeRight";
				INFOPLIST_KEY_UISupportedInterfaceOrientations_iPhone = "UIInterfaceOrientationPortrait UIInterfaceOrientationLandscapeLeft UIInterfaceOrientationLandscapeRight";
				LD_RUNPATH_SEARCH_PATHS = (
					"$(inherited)",
					"@executable_path/Frameworks",
				);
				MARKETING_VERSION = 1.0;
				PRODUCT_BUNDLE_IDENTIFIER = rifat.Instagram;
				PRODUCT_NAME = "$(TARGET_NAME)";
				SWIFT_EMIT_LOC_STRINGS = YES;
				SWIFT_VERSION = 5.0;
				TARGETED_DEVICE_FAMILY = "1,2";
			};
			name = Release;
		};
		DCC997EA2CECB56800F6BA1C /* Debug */ = {
			isa = XCBuildConfiguration;
			buildSettings = {
				ALWAYS_EMBED_SWIFT_STANDARD_LIBRARIES = YES;
				BUNDLE_LOADER = "$(TEST_HOST)";
				CODE_SIGN_STYLE = Automatic;
				CURRENT_PROJECT_VERSION = 1;
				DEVELOPMENT_TEAM = GS29F6A6WZ;
				GENERATE_INFOPLIST_FILE = YES;
				IPHONEOS_DEPLOYMENT_TARGET = 17.5;
				MARKETING_VERSION = 1.0;
				PRODUCT_BUNDLE_IDENTIFIER = rifat.InstagramTests;
				PRODUCT_NAME = "$(TARGET_NAME)";
				SWIFT_EMIT_LOC_STRINGS = NO;
				SWIFT_VERSION = 5.0;
				TARGETED_DEVICE_FAMILY = "1,2";
				TEST_HOST = "$(BUILT_PRODUCTS_DIR)/Instagram.app/$(BUNDLE_EXECUTABLE_FOLDER_PATH)/Instagram";
			};
			name = Debug;
		};
		DCC997EB2CECB56800F6BA1C /* Release */ = {
			isa = XCBuildConfiguration;
			buildSettings = {
				ALWAYS_EMBED_SWIFT_STANDARD_LIBRARIES = YES;
				BUNDLE_LOADER = "$(TEST_HOST)";
				CODE_SIGN_STYLE = Automatic;
				CURRENT_PROJECT_VERSION = 1;
				DEVELOPMENT_TEAM = GS29F6A6WZ;
				GENERATE_INFOPLIST_FILE = YES;
				IPHONEOS_DEPLOYMENT_TARGET = 17.5;
				MARKETING_VERSION = 1.0;
				PRODUCT_BUNDLE_IDENTIFIER = rifat.InstagramTests;
				PRODUCT_NAME = "$(TARGET_NAME)";
				SWIFT_EMIT_LOC_STRINGS = NO;
				SWIFT_VERSION = 5.0;
				TARGETED_DEVICE_FAMILY = "1,2";
				TEST_HOST = "$(BUILT_PRODUCTS_DIR)/Instagram.app/$(BUNDLE_EXECUTABLE_FOLDER_PATH)/Instagram";
			};
			name = Release;
		};
		DCC997ED2CECB56800F6BA1C /* Debug */ = {
			isa = XCBuildConfiguration;
			buildSettings = {
				ALWAYS_EMBED_SWIFT_STANDARD_LIBRARIES = YES;
				CODE_SIGN_STYLE = Automatic;
				CURRENT_PROJECT_VERSION = 1;
				DEVELOPMENT_TEAM = GS29F6A6WZ;
				GENERATE_INFOPLIST_FILE = YES;
				MARKETING_VERSION = 1.0;
				PRODUCT_BUNDLE_IDENTIFIER = rifat.InstagramUITests;
				PRODUCT_NAME = "$(TARGET_NAME)";
				SWIFT_EMIT_LOC_STRINGS = NO;
				SWIFT_VERSION = 5.0;
				TARGETED_DEVICE_FAMILY = "1,2";
				TEST_TARGET_NAME = Instagram;
			};
			name = Debug;
		};
		DCC997EE2CECB56800F6BA1C /* Release */ = {
			isa = XCBuildConfiguration;
			buildSettings = {
				ALWAYS_EMBED_SWIFT_STANDARD_LIBRARIES = YES;
				CODE_SIGN_STYLE = Automatic;
				CURRENT_PROJECT_VERSION = 1;
				DEVELOPMENT_TEAM = GS29F6A6WZ;
				GENERATE_INFOPLIST_FILE = YES;
				MARKETING_VERSION = 1.0;
				PRODUCT_BUNDLE_IDENTIFIER = rifat.InstagramUITests;
				PRODUCT_NAME = "$(TARGET_NAME)";
				SWIFT_EMIT_LOC_STRINGS = NO;
				SWIFT_VERSION = 5.0;
				TARGETED_DEVICE_FAMILY = "1,2";
				TEST_TARGET_NAME = Instagram;
			};
			name = Release;
		};
/* End XCBuildConfiguration section */

/* Begin XCConfigurationList section */
		DCC997BD2CECB56700F6BA1C /* Build configuration list for PBXProject "Instagram" */ = {
			isa = XCConfigurationList;
			buildConfigurations = (
				DCC997E42CECB56800F6BA1C /* Debug */,
				DCC997E52CECB56800F6BA1C /* Release */,
			);
			defaultConfigurationIsVisible = 0;
			defaultConfigurationName = Release;
		};
		DCC997E62CECB56800F6BA1C /* Build configuration list for PBXNativeTarget "Instagram" */ = {
			isa = XCConfigurationList;
			buildConfigurations = (
				DCC997E72CECB56800F6BA1C /* Debug */,
				DCC997E82CECB56800F6BA1C /* Release */,
			);
			defaultConfigurationIsVisible = 0;
			defaultConfigurationName = Release;
		};
		DCC997E92CECB56800F6BA1C /* Build configuration list for PBXNativeTarget "InstagramTests" */ = {
			isa = XCConfigurationList;
			buildConfigurations = (
				DCC997EA2CECB56800F6BA1C /* Debug */,
				DCC997EB2CECB56800F6BA1C /* Release */,
			);
			defaultConfigurationIsVisible = 0;
			defaultConfigurationName = Release;
		};
		DCC997EC2CECB56800F6BA1C /* Build configuration list for PBXNativeTarget "InstagramUITests" */ = {
			isa = XCConfigurationList;
			buildConfigurations = (
				DCC997ED2CECB56800F6BA1C /* Debug */,
				DCC997EE2CECB56800F6BA1C /* Release */,
			);
			defaultConfigurationIsVisible = 0;
			defaultConfigurationName = Release;
		};
/* End XCConfigurationList section */

/* Begin XCRemoteSwiftPackageReference section */
		DCA822122D0CB311004638CB /* XCRemoteSwiftPackageReference "firebase-ios-sdk" */ = {
			isa = XCRemoteSwiftPackageReference;
			repositoryURL = "https://github.com/firebase/firebase-ios-sdk.git";
			requirement = {
				kind = upToNextMajorVersion;
				minimumVersion = 10.0.0;
			};
		};
		DCA822712D1C81F3004638CB /* XCRemoteSwiftPackageReference "Kingfisher" */ = {
			isa = XCRemoteSwiftPackageReference;
			repositoryURL = "https://github.com/onevcat/Kingfisher.git";
			requirement = {
				kind = upToNextMajorVersion;
				minimumVersion = 8.1.3;
			};
		};
/* End XCRemoteSwiftPackageReference section */

/* Begin XCSwiftPackageProductDependency section */
		DCA822132D0CB311004638CB /* FirebaseAuth */ = {
			isa = XCSwiftPackageProductDependency;
			package = DCA822122D0CB311004638CB /* XCRemoteSwiftPackageReference "firebase-ios-sdk" */;
			productName = FirebaseAuth;
		};
		DCA822152D0CB311004638CB /* FirebaseFirestore */ = {
			isa = XCSwiftPackageProductDependency;
			package = DCA822122D0CB311004638CB /* XCRemoteSwiftPackageReference "firebase-ios-sdk" */;
			productName = FirebaseFirestore;
		};
		DCA822172D0CB311004638CB /* FirebaseFirestoreSwift */ = {
			isa = XCSwiftPackageProductDependency;
			package = DCA822122D0CB311004638CB /* XCRemoteSwiftPackageReference "firebase-ios-sdk" */;
			productName = FirebaseFirestoreSwift;
		};
		DCA822192D0CB311004638CB /* FirebaseStorage */ = {
			isa = XCSwiftPackageProductDependency;
			package = DCA822122D0CB311004638CB /* XCRemoteSwiftPackageReference "firebase-ios-sdk" */;
			productName = FirebaseStorage;
		};
		DCA822742D1C8418004638CB /* Kingfisher */ = {
			isa = XCSwiftPackageProductDependency;
			package = DCA822712D1C81F3004638CB /* XCRemoteSwiftPackageReference "Kingfisher" */;
			productName = Kingfisher;
		};
/* End XCSwiftPackageProductDependency section */
	};
	rootObject = DCC997BA2CECB56700F6BA1C /* Project object */;
}
